// !$*UTF8*$!
{
	archiveVersion = 1;
	classes = {
	};
	objectVersion = 50;
	objects = {

/* Begin PBXBuildFile section */
		3C05CCC4ABABE0ACDC4A6160 /* Pods_Reciplease.framework in Frameworks */ = {isa = PBXBuildFile; fileRef = 0D3484AE2FC6C0829E6DF36F /* Pods_Reciplease.framework */; };
		911EE23D215F7594005FC6DD /* RecipeServiceTestCase.swift in Sources */ = {isa = PBXBuildFile; fileRef = 911EE23C215F7594005FC6DD /* RecipeServiceTestCase.swift */; };
		911EE23F215F7AF5005FC6DD /* URLStringTypeFake.swift in Sources */ = {isa = PBXBuildFile; fileRef = 911EE23E215F7AF5005FC6DD /* URLStringTypeFake.swift */; };
		913482CB210F512900C71BB2 /* ResultsViewController.swift in Sources */ = {isa = PBXBuildFile; fileRef = 913482CA210F512900C71BB2 /* ResultsViewController.swift */; };
		913482CD210F516400C71BB2 /* DetailViewController.swift in Sources */ = {isa = PBXBuildFile; fileRef = 913482CC210F516400C71BB2 /* DetailViewController.swift */; };
		913482CF210F9F0B00C71BB2 /* FaforitesListViewController.swift in Sources */ = {isa = PBXBuildFile; fileRef = 913482CE210F9F0B00C71BB2 /* FaforitesListViewController.swift */; };
		913482D1210F9F6500C71BB2 /* FavoriteDetailViewController.swift in Sources */ = {isa = PBXBuildFile; fileRef = 913482D0210F9F6500C71BB2 /* FavoriteDetailViewController.swift */; };
		913482DA21103E3400C71BB2 /* RecipeDetailView.swift in Sources */ = {isa = PBXBuildFile; fileRef = 913482D921103E3400C71BB2 /* RecipeDetailView.swift */; };
		913482DC21103E5700C71BB2 /* RecipeDetailView.xib in Resources */ = {isa = PBXBuildFile; fileRef = 913482DB21103E5700C71BB2 /* RecipeDetailView.xib */; };
		913BC9C0211730B3001504E6 /* RecipeTableViewCell.xib in Resources */ = {isa = PBXBuildFile; fileRef = 913BC9BF211730B3001504E6 /* RecipeTableViewCell.xib */; };
		913BC9C421173E4F001504E6 /* RecipeTableView.swift in Sources */ = {isa = PBXBuildFile; fileRef = 913BC9C321173E4F001504E6 /* RecipeTableView.swift */; };
		913BC9C621173E5C001504E6 /* RecipeTableView.xib in Resources */ = {isa = PBXBuildFile; fileRef = 913BC9C521173E5C001504E6 /* RecipeTableView.xib */; };
		913BC9C9211746B1001504E6 /* TableViewConfigurator.swift in Sources */ = {isa = PBXBuildFile; fileRef = 913BC9C8211746B1001504E6 /* TableViewConfigurator.swift */; };
		913BC9CD2117531A001504E6 /* Constants.swift in Sources */ = {isa = PBXBuildFile; fileRef = 913BC9CC2117531A001504E6 /* Constants.swift */; };
		914827EF212419F100CB25B1 /* Recipe.swift in Sources */ = {isa = PBXBuildFile; fileRef = 914827EE212419F100CB25B1 /* Recipe.swift */; };
		914827F121241B6D00CB25B1 /* RecipeService.swift in Sources */ = {isa = PBXBuildFile; fileRef = 914827F021241B6D00CB25B1 /* RecipeService.swift */; };
		914827F3212420CC00CB25B1 /* URLStringType.swift in Sources */ = {isa = PBXBuildFile; fileRef = 914827F2212420CC00CB25B1 /* URLStringType.swift */; };
		914827F52124213500CB25B1 /* YummlyURLString.swift in Sources */ = {isa = PBXBuildFile; fileRef = 914827F42124213500CB25B1 /* YummlyURLString.swift */; };
		915D296721550A170077E4FA /* ReicpeTestCase.swift in Sources */ = {isa = PBXBuildFile; fileRef = 915D296621550A170077E4FA /* ReicpeTestCase.swift */; };
		915D29692155265F0077E4FA /* YummlyURLStringTestCase.swift in Sources */ = {isa = PBXBuildFile; fileRef = 915D29682155265F0077E4FA /* YummlyURLStringTestCase.swift */; };
		915D296B21560B330077E4FA /* YummlyDetailedURLStringTestCase.swift in Sources */ = {isa = PBXBuildFile; fileRef = 915D296A21560B330077E4FA /* YummlyDetailedURLStringTestCase.swift */; };
		9162571D21675CC0009F63B9 /* RecipeData.swift in Sources */ = {isa = PBXBuildFile; fileRef = 9162571C21675CC0009F63B9 /* RecipeData.swift */; };
		9193E59321416ED90047950D /* Array.swift in Sources */ = {isa = PBXBuildFile; fileRef = 9193E59221416ED90047950D /* Array.swift */; };
		9193E59521469F710047950D /* UIImageView.swift in Sources */ = {isa = PBXBuildFile; fileRef = 9193E59421469F710047950D /* UIImageView.swift */; };
		919ADC92214CED0100436AFE /* RatingStarsImagesNames.swift in Sources */ = {isa = PBXBuildFile; fileRef = 919ADC91214CED0100436AFE /* RatingStarsImagesNames.swift */; };
		919ADC94214D60B800436AFE /* YummlyDetailedURLString.swift in Sources */ = {isa = PBXBuildFile; fileRef = 919ADC93214D60B800436AFE /* YummlyDetailedURLString.swift */; };
		91A60028215389DD004E78B8 /* Helper.swift in Sources */ = {isa = PBXBuildFile; fileRef = 91A60027215389DD004E78B8 /* Helper.swift */; };
		91C5DD422129C38F002D255F /* String.swift in Sources */ = {isa = PBXBuildFile; fileRef = 91C5DD412129C38F002D255F /* String.swift */; };
		91D372CE210E0355004BFECA /* AppDelegate.swift in Sources */ = {isa = PBXBuildFile; fileRef = 91D372CD210E0355004BFECA /* AppDelegate.swift */; };
		91D372D3210E0355004BFECA /* Main.storyboard in Resources */ = {isa = PBXBuildFile; fileRef = 91D372D1210E0355004BFECA /* Main.storyboard */; };
		91D372D6210E0355004BFECA /* Reciplease.xcdatamodeld in Sources */ = {isa = PBXBuildFile; fileRef = 91D372D4210E0355004BFECA /* Reciplease.xcdatamodeld */; };
		91D372D8210E0356004BFECA /* Assets.xcassets in Resources */ = {isa = PBXBuildFile; fileRef = 91D372D7210E0356004BFECA /* Assets.xcassets */; };
		91D372DB210E0356004BFECA /* LaunchScreen.storyboard in Resources */ = {isa = PBXBuildFile; fileRef = 91D372D9210E0356004BFECA /* LaunchScreen.storyboard */; };
		91D372F8210E285F004BFECA /* HomePageViewController.swift in Sources */ = {isa = PBXBuildFile; fileRef = 91D372F7210E285F004BFECA /* HomePageViewController.swift */; };
		91D372FA210EEB92004BFECA /* RecipeTableViewCell.swift in Sources */ = {isa = PBXBuildFile; fileRef = 91D372F9210EEB92004BFECA /* RecipeTableViewCell.swift */; };
		91F681FD211217D80007D5B1 /* ListeningActionsProtocols.swift in Sources */ = {isa = PBXBuildFile; fileRef = 91F681FC211217D80007D5B1 /* ListeningActionsProtocols.swift */; };
		CFE5D19D103CF3F8547B7067 /* Pods_RecipleaseTests.framework in Frameworks */ = {isa = PBXBuildFile; fileRef = 8B17768C5C3AE975E58F62DB /* Pods_RecipleaseTests.framework */; };
/* End PBXBuildFile section */

/* Begin PBXContainerItemProxy section */
		91D372E2210E0357004BFECA /* PBXContainerItemProxy */ = {
			isa = PBXContainerItemProxy;
			containerPortal = 91D372C2210E0355004BFECA /* Project object */;
			proxyType = 1;
			remoteGlobalIDString = 91D372C9210E0355004BFECA;
			remoteInfo = Reciplease;
		};
/* End PBXContainerItemProxy section */

/* Begin PBXFileReference section */
		0D3484AE2FC6C0829E6DF36F /* Pods_Reciplease.framework */ = {isa = PBXFileReference; explicitFileType = wrapper.framework; includeInIndex = 0; path = Pods_Reciplease.framework; sourceTree = BUILT_PRODUCTS_DIR; };
		62937DB169940649732B9A7E /* Pods-RecipleaseTests.release.xcconfig */ = {isa = PBXFileReference; includeInIndex = 1; lastKnownFileType = text.xcconfig; name = "Pods-RecipleaseTests.release.xcconfig"; path = "Pods/Target Support Files/Pods-RecipleaseTests/Pods-RecipleaseTests.release.xcconfig"; sourceTree = "<group>"; };
		8B17768C5C3AE975E58F62DB /* Pods_RecipleaseTests.framework */ = {isa = PBXFileReference; explicitFileType = wrapper.framework; includeInIndex = 0; path = Pods_RecipleaseTests.framework; sourceTree = BUILT_PRODUCTS_DIR; };
		911EE23C215F7594005FC6DD /* RecipeServiceTestCase.swift */ = {isa = PBXFileReference; lastKnownFileType = sourcecode.swift; path = RecipeServiceTestCase.swift; sourceTree = "<group>"; };
		911EE23E215F7AF5005FC6DD /* URLStringTypeFake.swift */ = {isa = PBXFileReference; lastKnownFileType = sourcecode.swift; path = URLStringTypeFake.swift; sourceTree = "<group>"; };
		913482CA210F512900C71BB2 /* ResultsViewController.swift */ = {isa = PBXFileReference; lastKnownFileType = sourcecode.swift; path = ResultsViewController.swift; sourceTree = "<group>"; };
		913482CC210F516400C71BB2 /* DetailViewController.swift */ = {isa = PBXFileReference; lastKnownFileType = sourcecode.swift; path = DetailViewController.swift; sourceTree = "<group>"; };
		913482CE210F9F0B00C71BB2 /* FaforitesListViewController.swift */ = {isa = PBXFileReference; lastKnownFileType = sourcecode.swift; path = FaforitesListViewController.swift; sourceTree = "<group>"; };
		913482D0210F9F6500C71BB2 /* FavoriteDetailViewController.swift */ = {isa = PBXFileReference; lastKnownFileType = sourcecode.swift; path = FavoriteDetailViewController.swift; sourceTree = "<group>"; };
		913482D921103E3400C71BB2 /* RecipeDetailView.swift */ = {isa = PBXFileReference; lastKnownFileType = sourcecode.swift; path = RecipeDetailView.swift; sourceTree = "<group>"; };
		913482DB21103E5700C71BB2 /* RecipeDetailView.xib */ = {isa = PBXFileReference; lastKnownFileType = file.xib; path = RecipeDetailView.xib; sourceTree = "<group>"; };
		913BC9BF211730B3001504E6 /* RecipeTableViewCell.xib */ = {isa = PBXFileReference; lastKnownFileType = file.xib; path = RecipeTableViewCell.xib; sourceTree = "<group>"; };
		913BC9C321173E4F001504E6 /* RecipeTableView.swift */ = {isa = PBXFileReference; lastKnownFileType = sourcecode.swift; path = RecipeTableView.swift; sourceTree = "<group>"; };
		913BC9C521173E5C001504E6 /* RecipeTableView.xib */ = {isa = PBXFileReference; lastKnownFileType = file.xib; path = RecipeTableView.xib; sourceTree = "<group>"; };
		913BC9C8211746B1001504E6 /* TableViewConfigurator.swift */ = {isa = PBXFileReference; lastKnownFileType = sourcecode.swift; path = TableViewConfigurator.swift; sourceTree = "<group>"; };
		913BC9CC2117531A001504E6 /* Constants.swift */ = {isa = PBXFileReference; lastKnownFileType = sourcecode.swift; path = Constants.swift; sourceTree = "<group>"; };
		914827EE212419F100CB25B1 /* Recipe.swift */ = {isa = PBXFileReference; lastKnownFileType = sourcecode.swift; path = Recipe.swift; sourceTree = "<group>"; };
		914827F021241B6D00CB25B1 /* RecipeService.swift */ = {isa = PBXFileReference; lastKnownFileType = sourcecode.swift; path = RecipeService.swift; sourceTree = "<group>"; };
		914827F2212420CC00CB25B1 /* URLStringType.swift */ = {isa = PBXFileReference; lastKnownFileType = sourcecode.swift; path = URLStringType.swift; sourceTree = "<group>"; };
		914827F42124213500CB25B1 /* YummlyURLString.swift */ = {isa = PBXFileReference; lastKnownFileType = sourcecode.swift; path = YummlyURLString.swift; sourceTree = "<group>"; };
		915D296621550A170077E4FA /* ReicpeTestCase.swift */ = {isa = PBXFileReference; lastKnownFileType = sourcecode.swift; path = ReicpeTestCase.swift; sourceTree = "<group>"; };
		915D29682155265F0077E4FA /* YummlyURLStringTestCase.swift */ = {isa = PBXFileReference; lastKnownFileType = sourcecode.swift; path = YummlyURLStringTestCase.swift; sourceTree = "<group>"; };
		915D296A21560B330077E4FA /* YummlyDetailedURLStringTestCase.swift */ = {isa = PBXFileReference; lastKnownFileType = sourcecode.swift; path = YummlyDetailedURLStringTestCase.swift; sourceTree = "<group>"; };
		9162571C21675CC0009F63B9 /* RecipeData.swift */ = {isa = PBXFileReference; lastKnownFileType = sourcecode.swift; path = RecipeData.swift; sourceTree = "<group>"; };
		9193E59221416ED90047950D /* Array.swift */ = {isa = PBXFileReference; lastKnownFileType = sourcecode.swift; path = Array.swift; sourceTree = "<group>"; };
		9193E59421469F710047950D /* UIImageView.swift */ = {isa = PBXFileReference; lastKnownFileType = sourcecode.swift; path = UIImageView.swift; sourceTree = "<group>"; };
		919ADC91214CED0100436AFE /* RatingStarsImagesNames.swift */ = {isa = PBXFileReference; lastKnownFileType = sourcecode.swift; path = RatingStarsImagesNames.swift; sourceTree = "<group>"; };
		919ADC93214D60B800436AFE /* YummlyDetailedURLString.swift */ = {isa = PBXFileReference; lastKnownFileType = sourcecode.swift; path = YummlyDetailedURLString.swift; sourceTree = "<group>"; };
		91A60027215389DD004E78B8 /* Helper.swift */ = {isa = PBXFileReference; lastKnownFileType = sourcecode.swift; path = Helper.swift; sourceTree = "<group>"; };
		91C5DD412129C38F002D255F /* String.swift */ = {isa = PBXFileReference; lastKnownFileType = sourcecode.swift; path = String.swift; sourceTree = "<group>"; };
		91D372CA210E0355004BFECA /* Reciplease.app */ = {isa = PBXFileReference; explicitFileType = wrapper.application; includeInIndex = 0; path = Reciplease.app; sourceTree = BUILT_PRODUCTS_DIR; };
		91D372CD210E0355004BFECA /* AppDelegate.swift */ = {isa = PBXFileReference; lastKnownFileType = sourcecode.swift; path = AppDelegate.swift; sourceTree = "<group>"; };
		91D372D2210E0355004BFECA /* Base */ = {isa = PBXFileReference; lastKnownFileType = file.storyboard; name = Base; path = Base.lproj/Main.storyboard; sourceTree = "<group>"; };
		91D372D5210E0355004BFECA /* Reciplease.xcdatamodel */ = {isa = PBXFileReference; lastKnownFileType = wrapper.xcdatamodel; path = Reciplease.xcdatamodel; sourceTree = "<group>"; };
		91D372D7210E0356004BFECA /* Assets.xcassets */ = {isa = PBXFileReference; lastKnownFileType = folder.assetcatalog; path = Assets.xcassets; sourceTree = "<group>"; };
		91D372DA210E0356004BFECA /* Base */ = {isa = PBXFileReference; lastKnownFileType = file.storyboard; name = Base; path = Base.lproj/LaunchScreen.storyboard; sourceTree = "<group>"; };
		91D372DC210E0356004BFECA /* Info.plist */ = {isa = PBXFileReference; lastKnownFileType = text.plist.xml; path = Info.plist; sourceTree = "<group>"; };
		91D372E1210E0357004BFECA /* RecipleaseTests.xctest */ = {isa = PBXFileReference; explicitFileType = wrapper.cfbundle; includeInIndex = 0; path = RecipleaseTests.xctest; sourceTree = BUILT_PRODUCTS_DIR; };
		91D372E7210E0357004BFECA /* Info.plist */ = {isa = PBXFileReference; lastKnownFileType = text.plist.xml; path = Info.plist; sourceTree = "<group>"; };
		91D372F7210E285F004BFECA /* HomePageViewController.swift */ = {isa = PBXFileReference; lastKnownFileType = sourcecode.swift; path = HomePageViewController.swift; sourceTree = "<group>"; };
		91D372F9210EEB92004BFECA /* RecipeTableViewCell.swift */ = {isa = PBXFileReference; lastKnownFileType = sourcecode.swift; path = RecipeTableViewCell.swift; sourceTree = "<group>"; };
		91F681FC211217D80007D5B1 /* ListeningActionsProtocols.swift */ = {isa = PBXFileReference; lastKnownFileType = sourcecode.swift; path = ListeningActionsProtocols.swift; sourceTree = "<group>"; };
		C46222CA63FDDFF2890481DB /* Pods-Reciplease.release.xcconfig */ = {isa = PBXFileReference; includeInIndex = 1; lastKnownFileType = text.xcconfig; name = "Pods-Reciplease.release.xcconfig"; path = "Pods/Target Support Files/Pods-Reciplease/Pods-Reciplease.release.xcconfig"; sourceTree = "<group>"; };
		CEC653337184FDECDD1C9739 /* Pods-Reciplease.debug.xcconfig */ = {isa = PBXFileReference; includeInIndex = 1; lastKnownFileType = text.xcconfig; name = "Pods-Reciplease.debug.xcconfig"; path = "Pods/Target Support Files/Pods-Reciplease/Pods-Reciplease.debug.xcconfig"; sourceTree = "<group>"; };
		F2EE25028D632B80B73FBAE8 /* Pods-RecipleaseTests.debug.xcconfig */ = {isa = PBXFileReference; includeInIndex = 1; lastKnownFileType = text.xcconfig; name = "Pods-RecipleaseTests.debug.xcconfig"; path = "Pods/Target Support Files/Pods-RecipleaseTests/Pods-RecipleaseTests.debug.xcconfig"; sourceTree = "<group>"; };
/* End PBXFileReference section */

/* Begin PBXFrameworksBuildPhase section */
		91D372C7210E0355004BFECA /* Frameworks */ = {
			isa = PBXFrameworksBuildPhase;
			buildActionMask = 2147483647;
			files = (
				3C05CCC4ABABE0ACDC4A6160 /* Pods_Reciplease.framework in Frameworks */,
			);
			runOnlyForDeploymentPostprocessing = 0;
		};
		91D372DE210E0357004BFECA /* Frameworks */ = {
			isa = PBXFrameworksBuildPhase;
			buildActionMask = 2147483647;
			files = (
				CFE5D19D103CF3F8547B7067 /* Pods_RecipleaseTests.framework in Frameworks */,
			);
			runOnlyForDeploymentPostprocessing = 0;
		};
/* End PBXFrameworksBuildPhase section */

/* Begin PBXGroup section */
		56B40C8742B042E1B10FB67B /* Pods */ = {
			isa = PBXGroup;
			children = (
				CEC653337184FDECDD1C9739 /* Pods-Reciplease.debug.xcconfig */,
				C46222CA63FDDFF2890481DB /* Pods-Reciplease.release.xcconfig */,
				F2EE25028D632B80B73FBAE8 /* Pods-RecipleaseTests.debug.xcconfig */,
				62937DB169940649732B9A7E /* Pods-RecipleaseTests.release.xcconfig */,
			);
			name = Pods;
			sourceTree = "<group>";
		};
		81B4A63520DEF82319B7D69F /* Frameworks */ = {
			isa = PBXGroup;
			children = (
				0D3484AE2FC6C0829E6DF36F /* Pods_Reciplease.framework */,
				8B17768C5C3AE975E58F62DB /* Pods_RecipleaseTests.framework */,
			);
			name = Frameworks;
			sourceTree = "<group>";
		};
		913482D2210FA13600C71BB2 /* FavoritesController */ = {
			isa = PBXGroup;
			children = (
				913482CE210F9F0B00C71BB2 /* FaforitesListViewController.swift */,
				913482D0210F9F6500C71BB2 /* FavoriteDetailViewController.swift */,
			);
			path = FavoritesController;
			sourceTree = "<group>";
		};
		913BC9C121173DB5001504E6 /* CustomCell */ = {
			isa = PBXGroup;
			children = (
				91D372F9210EEB92004BFECA /* RecipeTableViewCell.swift */,
				913BC9BF211730B3001504E6 /* RecipeTableViewCell.xib */,
			);
			path = CustomCell;
			sourceTree = "<group>";
		};
		913BC9C221173DE7001504E6 /* CustomDetailView */ = {
			isa = PBXGroup;
			children = (
				913482D921103E3400C71BB2 /* RecipeDetailView.swift */,
				913482DB21103E5700C71BB2 /* RecipeDetailView.xib */,
			);
			path = CustomDetailView;
			sourceTree = "<group>";
		};
		913BC9C721174027001504E6 /* CustomTableView */ = {
			isa = PBXGroup;
			children = (
				913BC9C321173E4F001504E6 /* RecipeTableView.swift */,
				913BC9C521173E5C001504E6 /* RecipeTableView.xib */,
			);
			path = CustomTableView;
			sourceTree = "<group>";
		};
		913BC9CE211CDDB2001504E6 /* TableViews */ = {
			isa = PBXGroup;
			children = (
				913BC9C8211746B1001504E6 /* TableViewConfigurator.swift */,
			);
			path = TableViews;
			sourceTree = "<group>";
		};
		914827F621242E9800CB25B1 /* URLStringTypes */ = {
			isa = PBXGroup;
			children = (
				914827F42124213500CB25B1 /* YummlyURLString.swift */,
				919ADC93214D60B800436AFE /* YummlyDetailedURLString.swift */,
				914827F2212420CC00CB25B1 /* URLStringType.swift */,
			);
			path = URLStringTypes;
			sourceTree = "<group>";
		};
		9162571B21675A18009F63B9 /* Persistence */ = {
			isa = PBXGroup;
			children = (
				91D372D4210E0355004BFECA /* Reciplease.xcdatamodeld */,
				9162571C21675CC0009F63B9 /* RecipeData.swift */,
			);
			path = Persistence;
			sourceTree = "<group>";
		};
		91C5DD402129C368002D255F /* Extensions */ = {
			isa = PBXGroup;
			children = (
				91C5DD412129C38F002D255F /* String.swift */,
				9193E59221416ED90047950D /* Array.swift */,
				9193E59421469F710047950D /* UIImageView.swift */,
			);
			path = Extensions;
			sourceTree = "<group>";
		};
		91D372C1210E0355004BFECA = {
			isa = PBXGroup;
			children = (
				91D372CC210E0355004BFECA /* Reciplease */,
				91D372E4210E0357004BFECA /* RecipleaseTests */,
				91D372CB210E0355004BFECA /* Products */,
				56B40C8742B042E1B10FB67B /* Pods */,
				81B4A63520DEF82319B7D69F /* Frameworks */,
			);
			sourceTree = "<group>";
		};
		91D372CB210E0355004BFECA /* Products */ = {
			isa = PBXGroup;
			children = (
				91D372CA210E0355004BFECA /* Reciplease.app */,
				91D372E1210E0357004BFECA /* RecipleaseTests.xctest */,
			);
			name = Products;
			sourceTree = "<group>";
		};
		91D372CC210E0355004BFECA /* Reciplease */ = {
			isa = PBXGroup;
			children = (
				91D372CD210E0355004BFECA /* AppDelegate.swift */,
				91D372F1210E13ED004BFECA /* Model */,
				91D372F2210E13F8004BFECA /* View */,
				91D372F3210E140E004BFECA /* Controller */,
				91F681FC211217D80007D5B1 /* ListeningActionsProtocols.swift */,
				91C5DD402129C368002D255F /* Extensions */,
				91D372F4210E147A004BFECA /* SupportingFiles */,
			);
			path = Reciplease;
			sourceTree = "<group>";
		};
		91D372E4210E0357004BFECA /* RecipleaseTests */ = {
			isa = PBXGroup;
			children = (
				91D372E7210E0357004BFECA /* Info.plist */,
				915D296621550A170077E4FA /* ReicpeTestCase.swift */,
				911EE23C215F7594005FC6DD /* RecipeServiceTestCase.swift */,
				915D29682155265F0077E4FA /* YummlyURLStringTestCase.swift */,
				915D296A21560B330077E4FA /* YummlyDetailedURLStringTestCase.swift */,
				911EE23E215F7AF5005FC6DD /* URLStringTypeFake.swift */,
			);
			path = RecipleaseTests;
			sourceTree = "<group>";
		};
		91D372F1210E13ED004BFECA /* Model */ = {
			isa = PBXGroup;
			children = (
				9162571B21675A18009F63B9 /* Persistence */,
				914827F621242E9800CB25B1 /* URLStringTypes */,
				914827EE212419F100CB25B1 /* Recipe.swift */,
				914827F021241B6D00CB25B1 /* RecipeService.swift */,
			);
			path = Model;
			sourceTree = "<group>";
		};
		91D372F2210E13F8004BFECA /* View */ = {
			isa = PBXGroup;
			children = (
				91D372D1210E0355004BFECA /* Main.storyboard */,
				91D372D9210E0356004BFECA /* LaunchScreen.storyboard */,
				913BC9C721174027001504E6 /* CustomTableView */,
				913BC9C121173DB5001504E6 /* CustomCell */,
				913BC9C221173DE7001504E6 /* CustomDetailView */,
				919ADC91214CED0100436AFE /* RatingStarsImagesNames.swift */,
			);
			path = View;
			sourceTree = "<group>";
		};
		91D372F3210E140E004BFECA /* Controller */ = {
			isa = PBXGroup;
			children = (
				91D372F7210E285F004BFECA /* HomePageViewController.swift */,
				913482CA210F512900C71BB2 /* ResultsViewController.swift */,
				913482CC210F516400C71BB2 /* DetailViewController.swift */,
				913482D2210FA13600C71BB2 /* FavoritesController */,
				913BC9CE211CDDB2001504E6 /* TableViews */,
			);
			path = Controller;
			sourceTree = "<group>";
		};
		91D372F4210E147A004BFECA /* SupportingFiles */ = {
			isa = PBXGroup;
			children = (
				913BC9CC2117531A001504E6 /* Constants.swift */,
				91A60027215389DD004E78B8 /* Helper.swift */,
				91D372D7210E0356004BFECA /* Assets.xcassets */,
				91D372DC210E0356004BFECA /* Info.plist */,
			);
			path = SupportingFiles;
			sourceTree = "<group>";
		};
/* End PBXGroup section */

/* Begin PBXNativeTarget section */
		91D372C9210E0355004BFECA /* Reciplease */ = {
			isa = PBXNativeTarget;
			buildConfigurationList = 91D372EA210E0357004BFECA /* Build configuration list for PBXNativeTarget "Reciplease" */;
			buildPhases = (
				C445BD631F1B03FEFA4DDA1E /* [CP] Check Pods Manifest.lock */,
				91D372C6210E0355004BFECA /* Sources */,
				91D372C7210E0355004BFECA /* Frameworks */,
				91D372C8210E0355004BFECA /* Resources */,
				91D372F0210E12A7004BFECA /* Swiftlint */,
				8E20C8F876354BBD4FEFDE9A /* [CP] Embed Pods Frameworks */,
			);
			buildRules = (
			);
			dependencies = (
			);
			name = Reciplease;
			productName = Reciplease;
			productReference = 91D372CA210E0355004BFECA /* Reciplease.app */;
			productType = "com.apple.product-type.application";
		};
		91D372E0210E0357004BFECA /* RecipleaseTests */ = {
			isa = PBXNativeTarget;
			buildConfigurationList = 91D372ED210E0357004BFECA /* Build configuration list for PBXNativeTarget "RecipleaseTests" */;
			buildPhases = (
				8AE42768D1E6C2720379CCAA /* [CP] Check Pods Manifest.lock */,
				91D372DD210E0357004BFECA /* Sources */,
				91D372DE210E0357004BFECA /* Frameworks */,
				91D372DF210E0357004BFECA /* Resources */,
			);
			buildRules = (
			);
			dependencies = (
				91D372E3210E0357004BFECA /* PBXTargetDependency */,
			);
			name = RecipleaseTests;
			productName = RecipleaseTests;
			productReference = 91D372E1210E0357004BFECA /* RecipleaseTests.xctest */;
			productType = "com.apple.product-type.bundle.unit-test";
		};
/* End PBXNativeTarget section */

/* Begin PBXProject section */
		91D372C2210E0355004BFECA /* Project object */ = {
			isa = PBXProject;
			attributes = {
				LastSwiftUpdateCheck = 0940;
				LastUpgradeCheck = 0940;
				ORGANIZATIONNAME = Mehdi;
				TargetAttributes = {
					91D372C9210E0355004BFECA = {
						CreatedOnToolsVersion = 9.4.1;
						LastSwiftMigration = 1000;
					};
					91D372E0210E0357004BFECA = {
						CreatedOnToolsVersion = 9.4.1;
						LastSwiftMigration = 1000;
						TestTargetID = 91D372C9210E0355004BFECA;
					};
				};
			};
			buildConfigurationList = 91D372C5210E0355004BFECA /* Build configuration list for PBXProject "Reciplease" */;
			compatibilityVersion = "Xcode 9.3";
			developmentRegion = en;
			hasScannedForEncodings = 0;
			knownRegions = (
				en,
				Base,
			);
			mainGroup = 91D372C1210E0355004BFECA;
			productRefGroup = 91D372CB210E0355004BFECA /* Products */;
			projectDirPath = "";
			projectRoot = "";
			targets = (
				91D372C9210E0355004BFECA /* Reciplease */,
				91D372E0210E0357004BFECA /* RecipleaseTests */,
			);
		};
/* End PBXProject section */

/* Begin PBXResourcesBuildPhase section */
		91D372C8210E0355004BFECA /* Resources */ = {
			isa = PBXResourcesBuildPhase;
			buildActionMask = 2147483647;
			files = (
				91D372DB210E0356004BFECA /* LaunchScreen.storyboard in Resources */,
				913482DC21103E5700C71BB2 /* RecipeDetailView.xib in Resources */,
				91D372D8210E0356004BFECA /* Assets.xcassets in Resources */,
				91D372D3210E0355004BFECA /* Main.storyboard in Resources */,
				913BC9C621173E5C001504E6 /* RecipeTableView.xib in Resources */,
				913BC9C0211730B3001504E6 /* RecipeTableViewCell.xib in Resources */,
			);
			runOnlyForDeploymentPostprocessing = 0;
		};
		91D372DF210E0357004BFECA /* Resources */ = {
			isa = PBXResourcesBuildPhase;
			buildActionMask = 2147483647;
			files = (
			);
			runOnlyForDeploymentPostprocessing = 0;
		};
/* End PBXResourcesBuildPhase section */

/* Begin PBXShellScriptBuildPhase section */
		8AE42768D1E6C2720379CCAA /* [CP] Check Pods Manifest.lock */ = {
			isa = PBXShellScriptBuildPhase;
			buildActionMask = 2147483647;
			files = (
			);
			inputPaths = (
				"${PODS_PODFILE_DIR_PATH}/Podfile.lock",
				"${PODS_ROOT}/Manifest.lock",
			);
			name = "[CP] Check Pods Manifest.lock";
			outputPaths = (
				"$(DERIVED_FILE_DIR)/Pods-RecipleaseTests-checkManifestLockResult.txt",
			);
			runOnlyForDeploymentPostprocessing = 0;
			shellPath = /bin/sh;
			shellScript = "diff \"${PODS_PODFILE_DIR_PATH}/Podfile.lock\" \"${PODS_ROOT}/Manifest.lock\" > /dev/null\nif [ $? != 0 ] ; then\n    # print error to STDERR\n    echo \"error: The sandbox is not in sync with the Podfile.lock. Run 'pod install' or update your CocoaPods installation.\" >&2\n    exit 1\nfi\n# This output is used by Xcode 'outputs' to avoid re-running this script phase.\necho \"SUCCESS\" > \"${SCRIPT_OUTPUT_FILE_0}\"\n";
			showEnvVarsInLog = 0;
		};
		8E20C8F876354BBD4FEFDE9A /* [CP] Embed Pods Frameworks */ = {
			isa = PBXShellScriptBuildPhase;
			buildActionMask = 2147483647;
			files = (
			);
			inputPaths = (
				"${SRCROOT}/Pods/Target Support Files/Pods-Reciplease/Pods-Reciplease-frameworks.sh",
				"${BUILT_PRODUCTS_DIR}/Alamofire/Alamofire.framework",
			);
			name = "[CP] Embed Pods Frameworks";
			outputPaths = (
				"${TARGET_BUILD_DIR}/${FRAMEWORKS_FOLDER_PATH}/Alamofire.framework",
			);
			runOnlyForDeploymentPostprocessing = 0;
			shellPath = /bin/sh;
			shellScript = "\"${SRCROOT}/Pods/Target Support Files/Pods-Reciplease/Pods-Reciplease-frameworks.sh\"\n";
			showEnvVarsInLog = 0;
		};
		91D372F0210E12A7004BFECA /* Swiftlint */ = {
			isa = PBXShellScriptBuildPhase;
			buildActionMask = 2147483647;
			files = (
			);
			inputPaths = (
			);
			name = Swiftlint;
			outputPaths = (
			);
			runOnlyForDeploymentPostprocessing = 0;
			shellPath = /bin/sh;
			shellScript = "if which swiftlint >/dev/null; then\nswiftlint\nelse\necho \"warning: SwiftLint not installed, download from https://github.com/realm/SwiftLint\"\nfi";
		};
		C445BD631F1B03FEFA4DDA1E /* [CP] Check Pods Manifest.lock */ = {
			isa = PBXShellScriptBuildPhase;
			buildActionMask = 2147483647;
			files = (
			);
			inputPaths = (
				"${PODS_PODFILE_DIR_PATH}/Podfile.lock",
				"${PODS_ROOT}/Manifest.lock",
			);
			name = "[CP] Check Pods Manifest.lock";
			outputPaths = (
				"$(DERIVED_FILE_DIR)/Pods-Reciplease-checkManifestLockResult.txt",
			);
			runOnlyForDeploymentPostprocessing = 0;
			shellPath = /bin/sh;
			shellScript = "diff \"${PODS_PODFILE_DIR_PATH}/Podfile.lock\" \"${PODS_ROOT}/Manifest.lock\" > /dev/null\nif [ $? != 0 ] ; then\n    # print error to STDERR\n    echo \"error: The sandbox is not in sync with the Podfile.lock. Run 'pod install' or update your CocoaPods installation.\" >&2\n    exit 1\nfi\n# This output is used by Xcode 'outputs' to avoid re-running this script phase.\necho \"SUCCESS\" > \"${SCRIPT_OUTPUT_FILE_0}\"\n";
			showEnvVarsInLog = 0;
		};
/* End PBXShellScriptBuildPhase section */

/* Begin PBXSourcesBuildPhase section */
		91D372C6210E0355004BFECA /* Sources */ = {
			isa = PBXSourcesBuildPhase;
			buildActionMask = 2147483647;
			files = (
				91C5DD422129C38F002D255F /* String.swift in Sources */,
				9193E59321416ED90047950D /* Array.swift in Sources */,
				91D372D6210E0355004BFECA /* Reciplease.xcdatamodeld in Sources */,
				919ADC94214D60B800436AFE /* YummlyDetailedURLString.swift in Sources */,
				913482DA21103E3400C71BB2 /* RecipeDetailView.swift in Sources */,
				91D372CE210E0355004BFECA /* AppDelegate.swift in Sources */,
				919ADC92214CED0100436AFE /* RatingStarsImagesNames.swift in Sources */,
				91F681FD211217D80007D5B1 /* ListeningActionsProtocols.swift in Sources */,
				913482CF210F9F0B00C71BB2 /* FaforitesListViewController.swift in Sources */,
				913482D1210F9F6500C71BB2 /* FavoriteDetailViewController.swift in Sources */,
				91D372F8210E285F004BFECA /* HomePageViewController.swift in Sources */,
				914827F52124213500CB25B1 /* YummlyURLString.swift in Sources */,
				914827F121241B6D00CB25B1 /* RecipeService.swift in Sources */,
				913482CD210F516400C71BB2 /* DetailViewController.swift in Sources */,
				913BC9C9211746B1001504E6 /* TableViewConfigurator.swift in Sources */,
				914827EF212419F100CB25B1 /* Recipe.swift in Sources */,
				913482CB210F512900C71BB2 /* ResultsViewController.swift in Sources */,
				914827F3212420CC00CB25B1 /* URLStringType.swift in Sources */,
				9193E59521469F710047950D /* UIImageView.swift in Sources */,
				913BC9CD2117531A001504E6 /* Constants.swift in Sources */,
				91A60028215389DD004E78B8 /* Helper.swift in Sources */,
				9162571D21675CC0009F63B9 /* RecipeData.swift in Sources */,
				91D372FA210EEB92004BFECA /* RecipeTableViewCell.swift in Sources */,
				913BC9C421173E4F001504E6 /* RecipeTableView.swift in Sources */,
			);
			runOnlyForDeploymentPostprocessing = 0;
		};
		91D372DD210E0357004BFECA /* Sources */ = {
			isa = PBXSourcesBuildPhase;
			buildActionMask = 2147483647;
			files = (
				915D296B21560B330077E4FA /* YummlyDetailedURLStringTestCase.swift in Sources */,
				911EE23D215F7594005FC6DD /* RecipeServiceTestCase.swift in Sources */,
				915D296721550A170077E4FA /* ReicpeTestCase.swift in Sources */,
				911EE23F215F7AF5005FC6DD /* URLStringTypeFake.swift in Sources */,
				915D29692155265F0077E4FA /* YummlyURLStringTestCase.swift in Sources */,
			);
			runOnlyForDeploymentPostprocessing = 0;
		};
/* End PBXSourcesBuildPhase section */

/* Begin PBXTargetDependency section */
		91D372E3210E0357004BFECA /* PBXTargetDependency */ = {
			isa = PBXTargetDependency;
			target = 91D372C9210E0355004BFECA /* Reciplease */;
			targetProxy = 91D372E2210E0357004BFECA /* PBXContainerItemProxy */;
		};
/* End PBXTargetDependency section */

/* Begin PBXVariantGroup section */
		91D372D1210E0355004BFECA /* Main.storyboard */ = {
			isa = PBXVariantGroup;
			children = (
				91D372D2210E0355004BFECA /* Base */,
			);
			name = Main.storyboard;
			sourceTree = "<group>";
		};
		91D372D9210E0356004BFECA /* LaunchScreen.storyboard */ = {
			isa = PBXVariantGroup;
			children = (
				91D372DA210E0356004BFECA /* Base */,
			);
			name = LaunchScreen.storyboard;
			sourceTree = "<group>";
		};
/* End PBXVariantGroup section */

/* Begin XCBuildConfiguration section */
		91D372E8210E0357004BFECA /* Debug */ = {
			isa = XCBuildConfiguration;
			buildSettings = {
				ALWAYS_SEARCH_USER_PATHS = NO;
				CLANG_ANALYZER_NONNULL = YES;
				CLANG_ANALYZER_NUMBER_OBJECT_CONVERSION = YES_AGGRESSIVE;
				CLANG_CXX_LANGUAGE_STANDARD = "gnu++14";
				CLANG_CXX_LIBRARY = "libc++";
				CLANG_ENABLE_MODULES = YES;
				CLANG_ENABLE_OBJC_ARC = YES;
				CLANG_ENABLE_OBJC_WEAK = YES;
				CLANG_WARN_BLOCK_CAPTURE_AUTORELEASING = YES;
				CLANG_WARN_BOOL_CONVERSION = YES;
				CLANG_WARN_COMMA = YES;
				CLANG_WARN_CONSTANT_CONVERSION = YES;
				CLANG_WARN_DEPRECATED_OBJC_IMPLEMENTATIONS = YES;
				CLANG_WARN_DIRECT_OBJC_ISA_USAGE = YES_ERROR;
				CLANG_WARN_DOCUMENTATION_COMMENTS = YES;
				CLANG_WARN_EMPTY_BODY = YES;
				CLANG_WARN_ENUM_CONVERSION = YES;
				CLANG_WARN_INFINITE_RECURSION = YES;
				CLANG_WARN_INT_CONVERSION = YES;
				CLANG_WARN_NON_LITERAL_NULL_CONVERSION = YES;
				CLANG_WARN_OBJC_IMPLICIT_RETAIN_SELF = YES;
				CLANG_WARN_OBJC_LITERAL_CONVERSION = YES;
				CLANG_WARN_OBJC_ROOT_CLASS = YES_ERROR;
				CLANG_WARN_RANGE_LOOP_ANALYSIS = YES;
				CLANG_WARN_STRICT_PROTOTYPES = YES;
				CLANG_WARN_SUSPICIOUS_MOVE = YES;
				CLANG_WARN_UNGUARDED_AVAILABILITY = YES_AGGRESSIVE;
				CLANG_WARN_UNREACHABLE_CODE = YES;
				CLANG_WARN__DUPLICATE_METHOD_MATCH = YES;
				CODE_SIGN_IDENTITY = "iPhone Developer";
				COPY_PHASE_STRIP = NO;
				DEBUG_INFORMATION_FORMAT = dwarf;
				ENABLE_STRICT_OBJC_MSGSEND = YES;
				ENABLE_TESTABILITY = YES;
				GCC_C_LANGUAGE_STANDARD = gnu11;
				GCC_DYNAMIC_NO_PIC = NO;
				GCC_NO_COMMON_BLOCKS = YES;
				GCC_OPTIMIZATION_LEVEL = 0;
				GCC_PREPROCESSOR_DEFINITIONS = (
					"DEBUG=1",
					"$(inherited)",
				);
				GCC_WARN_64_TO_32_BIT_CONVERSION = YES;
				GCC_WARN_ABOUT_RETURN_TYPE = YES_ERROR;
				GCC_WARN_UNDECLARED_SELECTOR = YES;
				GCC_WARN_UNINITIALIZED_AUTOS = YES_AGGRESSIVE;
				GCC_WARN_UNUSED_FUNCTION = YES;
				GCC_WARN_UNUSED_VARIABLE = YES;
				IPHONEOS_DEPLOYMENT_TARGET = 11.4;
				MTL_ENABLE_DEBUG_INFO = YES;
				ONLY_ACTIVE_ARCH = YES;
				SDKROOT = iphoneos;
				SWIFT_ACTIVE_COMPILATION_CONDITIONS = DEBUG;
				SWIFT_OPTIMIZATION_LEVEL = "-Onone";
			};
			name = Debug;
		};
		91D372E9210E0357004BFECA /* Release */ = {
			isa = XCBuildConfiguration;
			buildSettings = {
				ALWAYS_SEARCH_USER_PATHS = NO;
				CLANG_ANALYZER_NONNULL = YES;
				CLANG_ANALYZER_NUMBER_OBJECT_CONVERSION = YES_AGGRESSIVE;
				CLANG_CXX_LANGUAGE_STANDARD = "gnu++14";
				CLANG_CXX_LIBRARY = "libc++";
				CLANG_ENABLE_MODULES = YES;
				CLANG_ENABLE_OBJC_ARC = YES;
				CLANG_ENABLE_OBJC_WEAK = YES;
				CLANG_WARN_BLOCK_CAPTURE_AUTORELEASING = YES;
				CLANG_WARN_BOOL_CONVERSION = YES;
				CLANG_WARN_COMMA = YES;
				CLANG_WARN_CONSTANT_CONVERSION = YES;
				CLANG_WARN_DEPRECATED_OBJC_IMPLEMENTATIONS = YES;
				CLANG_WARN_DIRECT_OBJC_ISA_USAGE = YES_ERROR;
				CLANG_WARN_DOCUMENTATION_COMMENTS = YES;
				CLANG_WARN_EMPTY_BODY = YES;
				CLANG_WARN_ENUM_CONVERSION = YES;
				CLANG_WARN_INFINITE_RECURSION = YES;
				CLANG_WARN_INT_CONVERSION = YES;
				CLANG_WARN_NON_LITERAL_NULL_CONVERSION = YES;
				CLANG_WARN_OBJC_IMPLICIT_RETAIN_SELF = YES;
				CLANG_WARN_OBJC_LITERAL_CONVERSION = YES;
				CLANG_WARN_OBJC_ROOT_CLASS = YES_ERROR;
				CLANG_WARN_RANGE_LOOP_ANALYSIS = YES;
				CLANG_WARN_STRICT_PROTOTYPES = YES;
				CLANG_WARN_SUSPICIOUS_MOVE = YES;
				CLANG_WARN_UNGUARDED_AVAILABILITY = YES_AGGRESSIVE;
				CLANG_WARN_UNREACHABLE_CODE = YES;
				CLANG_WARN__DUPLICATE_METHOD_MATCH = YES;
				CODE_SIGN_IDENTITY = "iPhone Developer";
				COPY_PHASE_STRIP = NO;
				DEBUG_INFORMATION_FORMAT = "dwarf-with-dsym";
				ENABLE_NS_ASSERTIONS = NO;
				ENABLE_STRICT_OBJC_MSGSEND = YES;
				GCC_C_LANGUAGE_STANDARD = gnu11;
				GCC_NO_COMMON_BLOCKS = YES;
				GCC_WARN_64_TO_32_BIT_CONVERSION = YES;
				GCC_WARN_ABOUT_RETURN_TYPE = YES_ERROR;
				GCC_WARN_UNDECLARED_SELECTOR = YES;
				GCC_WARN_UNINITIALIZED_AUTOS = YES_AGGRESSIVE;
				GCC_WARN_UNUSED_FUNCTION = YES;
				GCC_WARN_UNUSED_VARIABLE = YES;
				IPHONEOS_DEPLOYMENT_TARGET = 11.4;
				MTL_ENABLE_DEBUG_INFO = NO;
				SDKROOT = iphoneos;
				SWIFT_COMPILATION_MODE = wholemodule;
				SWIFT_OPTIMIZATION_LEVEL = "-O";
				VALIDATE_PRODUCT = YES;
			};
			name = Release;
		};
		91D372EB210E0357004BFECA /* Debug */ = {
			isa = XCBuildConfiguration;
			baseConfigurationReference = CEC653337184FDECDD1C9739 /* Pods-Reciplease.debug.xcconfig */;
			buildSettings = {
				ASSETCATALOG_COMPILER_APPICON_NAME = AppIcon;
				CODE_SIGN_STYLE = Automatic;
				DEVELOPMENT_TEAM = GVF548G9W6;
				INFOPLIST_FILE = "$(SRCROOT)/Reciplease/SupportingFiles/Info.plist";
				LD_RUNPATH_SEARCH_PATHS = (
					"$(inherited)",
					"@executable_path/Frameworks",
				);
				PRODUCT_BUNDLE_IDENTIFIER = dev.medev.Reciplease;
				PRODUCT_NAME = "$(TARGET_NAME)";
				SWIFT_VERSION = 4.2;
				TARGETED_DEVICE_FAMILY = 1;
			};
			name = Debug;
		};
		91D372EC210E0357004BFECA /* Release */ = {
			isa = XCBuildConfiguration;
			baseConfigurationReference = C46222CA63FDDFF2890481DB /* Pods-Reciplease.release.xcconfig */;
			buildSettings = {
				ASSETCATALOG_COMPILER_APPICON_NAME = AppIcon;
				CODE_SIGN_STYLE = Automatic;
				DEVELOPMENT_TEAM = GVF548G9W6;
				INFOPLIST_FILE = "$(SRCROOT)/Reciplease/SupportingFiles/Info.plist";
				LD_RUNPATH_SEARCH_PATHS = (
					"$(inherited)",
					"@executable_path/Frameworks",
				);
				PRODUCT_BUNDLE_IDENTIFIER = dev.medev.Reciplease;
				PRODUCT_NAME = "$(TARGET_NAME)";
				SWIFT_VERSION = 4.2;
				TARGETED_DEVICE_FAMILY = 1;
			};
			name = Release;
		};
		91D372EE210E0357004BFECA /* Debug */ = {
			isa = XCBuildConfiguration;
			baseConfigurationReference = F2EE25028D632B80B73FBAE8 /* Pods-RecipleaseTests.debug.xcconfig */;
			buildSettings = {
				ALWAYS_EMBED_SWIFT_STANDARD_LIBRARIES = YES;
				BUNDLE_LOADER = "$(TEST_HOST)";
				CLANG_ENABLE_MODULES = YES;
				CODE_SIGN_STYLE = Automatic;
				DEVELOPMENT_TEAM = GVF548G9W6;
				INFOPLIST_FILE = RecipleaseTests/Info.plist;
				LD_RUNPATH_SEARCH_PATHS = (
					"$(inherited)",
					"@executable_path/Frameworks",
					"@loader_path/Frameworks",
				);
				PRODUCT_BUNDLE_IDENTIFIER = dev.medev.RecipleaseTests;
				PRODUCT_NAME = "$(TARGET_NAME)";
				SWIFT_OPTIMIZATION_LEVEL = "-Onone";
				SWIFT_VERSION = 4.2;
				TARGETED_DEVICE_FAMILY = "1,2";
				TEST_HOST = "$(BUILT_PRODUCTS_DIR)/Reciplease.app/Reciplease";
			};
			name = Debug;
		};
		91D372EF210E0357004BFECA /* Release */ = {
			isa = XCBuildConfiguration;
			baseConfigurationReference = 62937DB169940649732B9A7E /* Pods-RecipleaseTests.release.xcconfig */;
			buildSettings = {
				ALWAYS_EMBED_SWIFT_STANDARD_LIBRARIES = YES;
				BUNDLE_LOADER = "$(TEST_HOST)";
				CLANG_ENABLE_MODULES = YES;
				CODE_SIGN_STYLE = Automatic;
				DEVELOPMENT_TEAM = GVF548G9W6;
				INFOPLIST_FILE = RecipleaseTests/Info.plist;
				LD_RUNPATH_SEARCH_PATHS = (
					"$(inherited)",
					"@executable_path/Frameworks",
					"@loader_path/Frameworks",
				);
				PRODUCT_BUNDLE_IDENTIFIER = dev.medev.RecipleaseTests;
				PRODUCT_NAME = "$(TARGET_NAME)";
				SWIFT_VERSION = 4.2;
				TARGETED_DEVICE_FAMILY = "1,2";
				TEST_HOST = "$(BUILT_PRODUCTS_DIR)/Reciplease.app/Reciplease";
			};
			name = Release;
		};
/* End XCBuildConfiguration section */

/* Begin XCConfigurationList section */
		91D372C5210E0355004BFECA /* Build configuration list for PBXProject "Reciplease" */ = {
			isa = XCConfigurationList;
			buildConfigurations = (
				91D372E8210E0357004BFECA /* Debug */,
				91D372E9210E0357004BFECA /* Release */,
			);
			defaultConfigurationIsVisible = 0;
			defaultConfigurationName = Release;
		};
		91D372EA210E0357004BFECA /* Build configuration list for PBXNativeTarget "Reciplease" */ = {
			isa = XCConfigurationList;
			buildConfigurations = (
				91D372EB210E0357004BFECA /* Debug */,
				91D372EC210E0357004BFECA /* Release */,
			);
			defaultConfigurationIsVisible = 0;
			defaultConfigurationName = Release;
		};
		91D372ED210E0357004BFECA /* Build configuration list for PBXNativeTarget "RecipleaseTests" */ = {
			isa = XCConfigurationList;
			buildConfigurations = (
				91D372EE210E0357004BFECA /* Debug */,
				91D372EF210E0357004BFECA /* Release */,
			);
			defaultConfigurationIsVisible = 0;
			defaultConfigurationName = Release;
		};
/* End XCConfigurationList section */

/* Begin XCVersionGroup section */
		91D372D4210E0355004BFECA /* Reciplease.xcdatamodeld */ = {
			isa = XCVersionGroup;
			children = (
				91D372D5210E0355004BFECA /* Reciplease.xcdatamodel */,
			);
			currentVersion = 91D372D5210E0355004BFECA /* Reciplease.xcdatamodel */;
			path = Reciplease.xcdatamodeld;
			sourceTree = "<group>";
			versionGroupType = wrapper.xcdatamodel;
		};
/* End XCVersionGroup section */
	};
	rootObject = 91D372C2210E0355004BFECA /* Project object */;
}
